{
  "name": "front-db",
  "version": "1.1.1",
  "lockfileVersion": 1,
  "requires": true,
  "dependencies": {
    "@types/node": {
      "version": "12.7.5",
      "resolved": "https://registry.npmjs.org/@types/node/-/node-12.7.5.tgz",
      "integrity": "sha512-9fq4jZVhPNW8r+UYKnxF1e2HkDWOWKM5bC2/7c9wPV835I0aOrVbS/Hw/pWPk2uKrNXQqg9Z959Kz+IYDd5p3w==",
      "dev": true
    },
    "typescript": {
      "version": "3.5.3",
      "resolved": "https://registry.npmjs.org/typescript/-/typescript-3.5.3.tgz",
      "integrity": "sha512-ACzBtm/PhXBDId6a6sDJfroT2pOWt/oOnk4/dElG5G33ZL776N3Y6/6bKZJBFpd+b05F3Ct9qDjMeJmRWtE2/g==",
      "dev": true
    },
    "xrray": {
      "version": "4.0.4",
      "resolved": "https://registry.npmjs.org/xrray/-/xrray-4.0.4.tgz",
      "integrity": "sha512-eRYYQnrsqE98aSEup5lCn9H0h+8CoQROIg8/mxLNCkiffdJnh/f0mI4SuvqTX6IXWzJ6x6ksqx+2xpydSrezuQ=="
    }
  }
}
